
Microsoft Visual Studio Solution File, Format Version 12.00
# Visual Studio Version 16
VisualStudioVersion = 16.0.30114.105
MinimumVisualStudioVersion = 10.0.40219.1
Project("{9A19103F-16F7-4668-BE54-9A1E7A4F7556}") = "NishTut1", "NishTut1\NishTut1.csproj", "{3C8AD4F9-8989-4389-8BD0-05A3715B93B1}"
EndProject
Project("{9A19103F-16F7-4668-BE54-9A1E7A4F7556}") = "NishTut2", "NishTut2\NishTut2.csproj", "{C5032195-D6C5-4A93-B760-9A645F6EAA19}"
EndProject
Project("{9A19103F-16F7-4668-BE54-9A1E7A4F7556}") = "NishTut3", "NishTut3\NishTut3.csproj", "{14A4EB95-B4EB-450D-93FA-7E35CB50F41D}"
EndProject
Project("{9A19103F-16F7-4668-BE54-9A1E7A4F7556}") = "NishTut4", "NishTut4\NishTut4.csproj", "{33B17CF6-F441-4435-B1DC-A8385A27645F}"
EndProject
Project("{FAE04EC0-301F-11D3-BF4B-00C04F79EFBC}") = "BossFighting", "BossFighting\BossFighting.csproj", "{E933BE75-AA3B-4F0C-85DB-0E66E9709361}"
EndProject
Global
	GlobalSection(SolutionConfigurationPlatforms) = preSolution
		Debug|Any CPU = Debug|Any CPU
		Release|Any CPU = Release|Any CPU
	EndGlobalSection
	GlobalSection(ProjectConfigurationPlatforms) = postSolution
		{3C8AD4F9-8989-4389-8BD0-05A3715B93B1}.Debug|Any CPU.ActiveCfg = Debug|Any CPU
		{3C8AD4F9-8989-4389-8BD0-05A3715B93B1}.Debug|Any CPU.Build.0 = Debug|Any CPU
		{3C8AD4F9-8989-4389-8BD0-05A3715B93B1}.Release|Any CPU.ActiveCfg = Release|Any CPU
		{3C8AD4F9-8989-4389-8BD0-05A3715B93B1}.Release|Any CPU.Build.0 = Release|Any CPU
		{C5032195-D6C5-4A93-B760-9A645F6EAA19}.Debug|Any CPU.ActiveCfg = Debug|Any CPU
		{C5032195-D6C5-4A93-B760-9A645F6EAA19}.Debug|Any CPU.Build.0 = Debug|Any CPU
		{C5032195-D6C5-4A93-B760-9A645F6EAA19}.Release|Any CPU.ActiveCfg = Release|Any CPU
		{C5032195-D6C5-4A93-B760-9A645F6EAA19}.Release|Any CPU.Build.0 = Release|Any CPU
		{14A4EB95-B4EB-450D-93FA-7E35CB50F41D}.Debug|Any CPU.ActiveCfg = Debug|Any CPU
		{14A4EB95-B4EB-450D-93FA-7E35CB50F41D}.Debug|Any CPU.Build.0 = Debug|Any CPU
		{14A4EB95-B4EB-450D-93FA-7E35CB50F41D}.Release|Any CPU.ActiveCfg = Release|Any CPU
		{14A4EB95-B4EB-450D-93FA-7E35CB50F41D}.Release|Any CPU.Build.0 = Release|Any CPU
		{33B17CF6-F441-4435-B1DC-A8385A27645F}.Debug|Any CPU.ActiveCfg = Debug|Any CPU
		{33B17CF6-F441-4435-B1DC-A8385A27645F}.Debug|Any CPU.Build.0 = Debug|Any CPU
		{33B17CF6-F441-4435-B1DC-A8385A27645F}.Release|Any CPU.ActiveCfg = Release|Any CPU
		{33B17CF6-F441-4435-B1DC-A8385A27645F}.Release|Any CPU.Build.0 = Release|Any CPU
		{E933BE75-AA3B-4F0C-85DB-0E66E9709361}.Debug|Any CPU.ActiveCfg = Debug|Any CPU
		{E933BE75-AA3B-4F0C-85DB-0E66E9709361}.Debug|Any CPU.Build.0 = Debug|Any CPU
		{E933BE75-AA3B-4F0C-85DB-0E66E9709361}.Release|Any CPU.ActiveCfg = Release|Any CPU
		{E933BE75-AA3B-4F0C-85DB-0E66E9709361}.Release|Any CPU.Build.0 = Release|Any CPU
	EndGlobalSection
	GlobalSection(SolutionProperties) = preSolution
		HideSolutionNode = FALSE
	EndGlobalSection
	GlobalSection(ExtensibilityGlobals) = postSolution
		SolutionGuid = {01799AE9-AF39-4C45-B8C7-B04F5C96D00E}
	EndGlobalSection
EndGlobal
